// !$*UTF8*$!
{
	archiveVersion = 1;
	classes = {
	};
	objectVersion = 52;
	objects = {

/* Begin PBXBuildFile section */
		AD078DB826A9109500A388C5 /* SwitchNotAccessibleViewController.swift in Sources */ = {isa = PBXBuildFile; fileRef = AD078DB726A9109500A388C5 /* SwitchNotAccessibleViewController.swift */; };
		AD078DBB26A911A400A388C5 /* SwitchNotAccessibleViewCell.swift in Sources */ = {isa = PBXBuildFile; fileRef = AD078DBA26A911A400A388C5 /* SwitchNotAccessibleViewCell.swift */; };
		AD078DBD26A9153300A388C5 /* SwitchAccessibleViewController.swift in Sources */ = {isa = PBXBuildFile; fileRef = AD078DBC26A9153300A388C5 /* SwitchAccessibleViewController.swift */; };
		AD078DBF26A9155300A388C5 /* SwitchAccessibleViewCell.swift in Sources */ = {isa = PBXBuildFile; fileRef = AD078DBE26A9155300A388C5 /* SwitchAccessibleViewCell.swift */; };
		AD078DC226A91C6000A388C5 /* HeadlineNotAccessibleViewController.swift in Sources */ = {isa = PBXBuildFile; fileRef = AD078DC126A91C6000A388C5 /* HeadlineNotAccessibleViewController.swift */; };
		AD078DC426A9200D00A388C5 /* HeadlineAccessibleViewController.swift in Sources */ = {isa = PBXBuildFile; fileRef = AD078DC326A9200D00A388C5 /* HeadlineAccessibleViewController.swift */; };
		AD14EF1826AA5C1A009A835F /* TagNotAccessibleViewController.swift in Sources */ = {isa = PBXBuildFile; fileRef = AD14EF1726AA5C1A009A835F /* TagNotAccessibleViewController.swift */; };
		AD14EF1A26AA633A009A835F /* Notification+Keyboard.swift in Sources */ = {isa = PBXBuildFile; fileRef = AD14EF1926AA633A009A835F /* Notification+Keyboard.swift */; };
		AD14EF1C26AA8170009A835F /* TagValidator.swift in Sources */ = {isa = PBXBuildFile; fileRef = AD14EF1B26AA8170009A835F /* TagValidator.swift */; };
		AD14EF1E26AA83EC009A835F /* TagValidatorTest.swift in Sources */ = {isa = PBXBuildFile; fileRef = AD14EF1D26AA83EC009A835F /* TagValidatorTest.swift */; };
		AD14EF2026AA841D009A835F /* Pattern.swift in Sources */ = {isa = PBXBuildFile; fileRef = AD14EF1F26AA841D009A835F /* Pattern.swift */; };
		AD14EF2226AA8ABA009A835F /* TagAccessibleViewController.swift in Sources */ = {isa = PBXBuildFile; fileRef = AD14EF2126AA8ABA009A835F /* TagAccessibleViewController.swift */; };
		AD14EF2426AA9CC4009A835F /* TagViewModel.swift in Sources */ = {isa = PBXBuildFile; fileRef = AD14EF2326AA9CC4009A835F /* TagViewModel.swift */; };
		AD14EF2626AA9E12009A835F /* Tag.swift in Sources */ = {isa = PBXBuildFile; fileRef = AD14EF2526AA9E12009A835F /* Tag.swift */; };
		AD2BC17326A3D0BD0016F37F /* ModalNotAccessibleViewController.swift in Sources */ = {isa = PBXBuildFile; fileRef = AD2BC17226A3D0BD0016F37F /* ModalNotAccessibleViewController.swift */; };
		AD2BC17626A3D2EF0016F37F /* FloatingPanel in Frameworks */ = {isa = PBXBuildFile; productRef = AD2BC17526A3D2EF0016F37F /* FloatingPanel */; };
		AD2BC17F26A3D7980016F37F /* CustomLayout.swift in Sources */ = {isa = PBXBuildFile; fileRef = AD2BC17E26A3D7980016F37F /* CustomLayout.swift */; };
		AD2BC18126A3D8D30016F37F /* ModalAccessibleViewController.swift in Sources */ = {isa = PBXBuildFile; fileRef = AD2BC18026A3D8D30016F37F /* ModalAccessibleViewController.swift */; };
		AD2BC18426A3E10D0016F37F /* FocusNotAccessibleViewController.swift in Sources */ = {isa = PBXBuildFile; fileRef = AD2BC18326A3E10D0016F37F /* FocusNotAccessibleViewController.swift */; };
		AD2BC18626A3E4EF0016F37F /* FocusAccessibleViewController.swift in Sources */ = {isa = PBXBuildFile; fileRef = AD2BC18526A3E4EF0016F37F /* FocusAccessibleViewController.swift */; };
		AD2BC18926A3E60C0016F37F /* UIViewController+.swift in Sources */ = {isa = PBXBuildFile; fileRef = AD2BC18826A3E60C0016F37F /* UIViewController+.swift */; };
		AD2BC18C26A3EF920016F37F /* DateNotAccessibleViewController.swift in Sources */ = {isa = PBXBuildFile; fileRef = AD2BC18B26A3EF920016F37F /* DateNotAccessibleViewController.swift */; };
		AD2BC18E26A3F2B60016F37F /* NowRepresentable.swift in Sources */ = {isa = PBXBuildFile; fileRef = AD2BC18D26A3F2B60016F37F /* NowRepresentable.swift */; };
		AD2BC19026A3F2E70016F37F /* DateAccessibleViewController.swift in Sources */ = {isa = PBXBuildFile; fileRef = AD2BC18F26A3F2E70016F37F /* DateAccessibleViewController.swift */; };
		AD4A91F726A2D36A0077A8AC /* AppDelegate.swift in Sources */ = {isa = PBXBuildFile; fileRef = AD4A91F626A2D36A0077A8AC /* AppDelegate.swift */; };
		AD4A91F926A2D36A0077A8AC /* SceneDelegate.swift in Sources */ = {isa = PBXBuildFile; fileRef = AD4A91F826A2D36A0077A8AC /* SceneDelegate.swift */; };
		AD4A91FB26A2D36A0077A8AC /* ViewController.swift in Sources */ = {isa = PBXBuildFile; fileRef = AD4A91FA26A2D36A0077A8AC /* ViewController.swift */; };
		AD4A920026A2D36B0077A8AC /* Assets.xcassets in Resources */ = {isa = PBXBuildFile; fileRef = AD4A91FF26A2D36B0077A8AC /* Assets.xcassets */; };
		AD4A920326A2D36B0077A8AC /* LaunchScreen.storyboard in Resources */ = {isa = PBXBuildFile; fileRef = AD4A920126A2D36B0077A8AC /* LaunchScreen.storyboard */; };
		AD4A921926A2D36B0077A8AC /* AccessibilitySamplerUITests.swift in Sources */ = {isa = PBXBuildFile; fileRef = AD4A921826A2D36B0077A8AC /* AccessibilitySamplerUITests.swift */; };
		AD4A922D26A2DBBA0077A8AC /* Localizable.strings in Resources */ = {isa = PBXBuildFile; fileRef = AD4A922F26A2DBBA0077A8AC /* Localizable.strings */; };
		AD4A923226A2DC420077A8AC /* Strings.swift in Sources */ = {isa = PBXBuildFile; fileRef = AD4A923126A2DC420077A8AC /* Strings.swift */; };
		AD4A923B26A2E6AE0077A8AC /* ButtonNotAccessibleViewController.swift in Sources */ = {isa = PBXBuildFile; fileRef = AD4A923A26A2E6AE0077A8AC /* ButtonNotAccessibleViewController.swift */; };
		AD4A923D26A2EAD20077A8AC /* ButtonAccessibleViewController.swift in Sources */ = {isa = PBXBuildFile; fileRef = AD4A923C26A2EAD20077A8AC /* ButtonAccessibleViewController.swift */; };
		AD4A924026A2ECC50077A8AC /* TapNotAccessibleViewController.swift in Sources */ = {isa = PBXBuildFile; fileRef = AD4A923F26A2ECC50077A8AC /* TapNotAccessibleViewController.swift */; };
		AD4A924226A2F2A00077A8AC /* TapAccessibleViewController.swift in Sources */ = {isa = PBXBuildFile; fileRef = AD4A924126A2F2A00077A8AC /* TapAccessibleViewController.swift */; };
		AD82EC9926B5440900B67F8C /* ColorsViewController.swift in Sources */ = {isa = PBXBuildFile; fileRef = AD82EC9826B5440900B67F8C /* ColorsViewController.swift */; };
		AD82EC9C26B54B4500B67F8C /* SnapshotTesting in Frameworks */ = {isa = PBXBuildFile; productRef = AD82EC9B26B54B4500B67F8C /* SnapshotTesting */; };
		AD82EC9E26B54B6200B67F8C /* SnapshotTest.swift in Sources */ = {isa = PBXBuildFile; fileRef = AD82EC9D26B54B6200B67F8C /* SnapshotTest.swift */; };
		AD82ECA026B54BEC00B67F8C /* SnapshotConstants.swift in Sources */ = {isa = PBXBuildFile; fileRef = AD82EC9F26B54BEC00B67F8C /* SnapshotConstants.swift */; };
		ADB8D93126A9937D00C2115D /* RootItem.swift in Sources */ = {isa = PBXBuildFile; fileRef = ADB8D93026A9937D00C2115D /* RootItem.swift */; };
/* End PBXBuildFile section */

/* Begin PBXContainerItemProxy section */
		AD4A920A26A2D36B0077A8AC /* PBXContainerItemProxy */ = {
			isa = PBXContainerItemProxy;
			containerPortal = AD4A91EB26A2D36A0077A8AC /* Project object */;
			proxyType = 1;
			remoteGlobalIDString = AD4A91F226A2D36A0077A8AC;
			remoteInfo = AccessibilitySampler;
		};
		AD4A921526A2D36B0077A8AC /* PBXContainerItemProxy */ = {
			isa = PBXContainerItemProxy;
			containerPortal = AD4A91EB26A2D36A0077A8AC /* Project object */;
			proxyType = 1;
			remoteGlobalIDString = AD4A91F226A2D36A0077A8AC;
			remoteInfo = AccessibilitySampler;
		};
/* End PBXContainerItemProxy section */

/* Begin PBXFileReference section */
		AD078DB726A9109500A388C5 /* SwitchNotAccessibleViewController.swift */ = {isa = PBXFileReference; lastKnownFileType = sourcecode.swift; path = SwitchNotAccessibleViewController.swift; sourceTree = "<group>"; };
		AD078DBA26A911A400A388C5 /* SwitchNotAccessibleViewCell.swift */ = {isa = PBXFileReference; lastKnownFileType = sourcecode.swift; path = SwitchNotAccessibleViewCell.swift; sourceTree = "<group>"; };
		AD078DBC26A9153300A388C5 /* SwitchAccessibleViewController.swift */ = {isa = PBXFileReference; lastKnownFileType = sourcecode.swift; path = SwitchAccessibleViewController.swift; sourceTree = "<group>"; };
		AD078DBE26A9155300A388C5 /* SwitchAccessibleViewCell.swift */ = {isa = PBXFileReference; lastKnownFileType = sourcecode.swift; path = SwitchAccessibleViewCell.swift; sourceTree = "<group>"; };
		AD078DC126A91C6000A388C5 /* HeadlineNotAccessibleViewController.swift */ = {isa = PBXFileReference; lastKnownFileType = sourcecode.swift; path = HeadlineNotAccessibleViewController.swift; sourceTree = "<group>"; };
		AD078DC326A9200D00A388C5 /* HeadlineAccessibleViewController.swift */ = {isa = PBXFileReference; lastKnownFileType = sourcecode.swift; path = HeadlineAccessibleViewController.swift; sourceTree = "<group>"; };
		AD14EF1726AA5C1A009A835F /* TagNotAccessibleViewController.swift */ = {isa = PBXFileReference; lastKnownFileType = sourcecode.swift; path = TagNotAccessibleViewController.swift; sourceTree = "<group>"; };
		AD14EF1926AA633A009A835F /* Notification+Keyboard.swift */ = {isa = PBXFileReference; lastKnownFileType = sourcecode.swift; path = "Notification+Keyboard.swift"; sourceTree = "<group>"; };
		AD14EF1B26AA8170009A835F /* TagValidator.swift */ = {isa = PBXFileReference; lastKnownFileType = sourcecode.swift; path = TagValidator.swift; sourceTree = "<group>"; };
		AD14EF1D26AA83EC009A835F /* TagValidatorTest.swift */ = {isa = PBXFileReference; lastKnownFileType = sourcecode.swift; path = TagValidatorTest.swift; sourceTree = "<group>"; };
		AD14EF1F26AA841D009A835F /* Pattern.swift */ = {isa = PBXFileReference; lastKnownFileType = sourcecode.swift; path = Pattern.swift; sourceTree = "<group>"; };
		AD14EF2126AA8ABA009A835F /* TagAccessibleViewController.swift */ = {isa = PBXFileReference; lastKnownFileType = sourcecode.swift; path = TagAccessibleViewController.swift; sourceTree = "<group>"; };
		AD14EF2326AA9CC4009A835F /* TagViewModel.swift */ = {isa = PBXFileReference; lastKnownFileType = sourcecode.swift; path = TagViewModel.swift; sourceTree = "<group>"; };
		AD14EF2526AA9E12009A835F /* Tag.swift */ = {isa = PBXFileReference; lastKnownFileType = sourcecode.swift; path = Tag.swift; sourceTree = "<group>"; };
		AD2BC17226A3D0BD0016F37F /* ModalNotAccessibleViewController.swift */ = {isa = PBXFileReference; lastKnownFileType = sourcecode.swift; path = ModalNotAccessibleViewController.swift; sourceTree = "<group>"; };
		AD2BC17E26A3D7980016F37F /* CustomLayout.swift */ = {isa = PBXFileReference; lastKnownFileType = sourcecode.swift; path = CustomLayout.swift; sourceTree = "<group>"; };
		AD2BC18026A3D8D30016F37F /* ModalAccessibleViewController.swift */ = {isa = PBXFileReference; lastKnownFileType = sourcecode.swift; path = ModalAccessibleViewController.swift; sourceTree = "<group>"; };
		AD2BC18326A3E10D0016F37F /* FocusNotAccessibleViewController.swift */ = {isa = PBXFileReference; lastKnownFileType = sourcecode.swift; path = FocusNotAccessibleViewController.swift; sourceTree = "<group>"; };
		AD2BC18526A3E4EF0016F37F /* FocusAccessibleViewController.swift */ = {isa = PBXFileReference; lastKnownFileType = sourcecode.swift; path = FocusAccessibleViewController.swift; sourceTree = "<group>"; };
		AD2BC18826A3E60C0016F37F /* UIViewController+.swift */ = {isa = PBXFileReference; lastKnownFileType = sourcecode.swift; path = "UIViewController+.swift"; sourceTree = "<group>"; };
		AD2BC18B26A3EF920016F37F /* DateNotAccessibleViewController.swift */ = {isa = PBXFileReference; lastKnownFileType = sourcecode.swift; path = DateNotAccessibleViewController.swift; sourceTree = "<group>"; };
		AD2BC18D26A3F2B60016F37F /* NowRepresentable.swift */ = {isa = PBXFileReference; lastKnownFileType = sourcecode.swift; path = NowRepresentable.swift; sourceTree = "<group>"; };
		AD2BC18F26A3F2E70016F37F /* DateAccessibleViewController.swift */ = {isa = PBXFileReference; lastKnownFileType = sourcecode.swift; path = DateAccessibleViewController.swift; sourceTree = "<group>"; };
		AD4A91F326A2D36A0077A8AC /* AccessibilitySampler.app */ = {isa = PBXFileReference; explicitFileType = wrapper.application; includeInIndex = 0; path = AccessibilitySampler.app; sourceTree = BUILT_PRODUCTS_DIR; };
		AD4A91F626A2D36A0077A8AC /* AppDelegate.swift */ = {isa = PBXFileReference; lastKnownFileType = sourcecode.swift; path = AppDelegate.swift; sourceTree = "<group>"; };
		AD4A91F826A2D36A0077A8AC /* SceneDelegate.swift */ = {isa = PBXFileReference; lastKnownFileType = sourcecode.swift; path = SceneDelegate.swift; sourceTree = "<group>"; };
		AD4A91FA26A2D36A0077A8AC /* ViewController.swift */ = {isa = PBXFileReference; lastKnownFileType = sourcecode.swift; path = ViewController.swift; sourceTree = "<group>"; };
		AD4A91FF26A2D36B0077A8AC /* Assets.xcassets */ = {isa = PBXFileReference; lastKnownFileType = folder.assetcatalog; path = Assets.xcassets; sourceTree = "<group>"; };
		AD4A920226A2D36B0077A8AC /* Base */ = {isa = PBXFileReference; lastKnownFileType = file.storyboard; name = Base; path = Base.lproj/LaunchScreen.storyboard; sourceTree = "<group>"; };
		AD4A920426A2D36B0077A8AC /* Info.plist */ = {isa = PBXFileReference; lastKnownFileType = text.plist.xml; path = Info.plist; sourceTree = "<group>"; };
		AD4A920926A2D36B0077A8AC /* AccessibilitySamplerTests.xctest */ = {isa = PBXFileReference; explicitFileType = wrapper.cfbundle; includeInIndex = 0; path = AccessibilitySamplerTests.xctest; sourceTree = BUILT_PRODUCTS_DIR; };
		AD4A920F26A2D36B0077A8AC /* Info.plist */ = {isa = PBXFileReference; lastKnownFileType = text.plist.xml; path = Info.plist; sourceTree = "<group>"; };
		AD4A921426A2D36B0077A8AC /* AccessibilitySamplerUITests.xctest */ = {isa = PBXFileReference; explicitFileType = wrapper.cfbundle; includeInIndex = 0; path = AccessibilitySamplerUITests.xctest; sourceTree = BUILT_PRODUCTS_DIR; };
		AD4A921826A2D36B0077A8AC /* AccessibilitySamplerUITests.swift */ = {isa = PBXFileReference; lastKnownFileType = sourcecode.swift; path = AccessibilitySamplerUITests.swift; sourceTree = "<group>"; };
		AD4A921A26A2D36B0077A8AC /* Info.plist */ = {isa = PBXFileReference; lastKnownFileType = text.plist.xml; path = Info.plist; sourceTree = "<group>"; };
		AD4A922E26A2DBBA0077A8AC /* en */ = {isa = PBXFileReference; lastKnownFileType = text.plist.strings; name = en; path = en.lproj/Localizable.strings; sourceTree = "<group>"; };
		AD4A923026A2DBC80077A8AC /* ja */ = {isa = PBXFileReference; lastKnownFileType = text.plist.strings; name = ja; path = ja.lproj/Localizable.strings; sourceTree = "<group>"; };
		AD4A923126A2DC420077A8AC /* Strings.swift */ = {isa = PBXFileReference; fileEncoding = 4; lastKnownFileType = sourcecode.swift; path = Strings.swift; sourceTree = "<group>"; };
		AD4A923A26A2E6AE0077A8AC /* ButtonNotAccessibleViewController.swift */ = {isa = PBXFileReference; lastKnownFileType = sourcecode.swift; path = ButtonNotAccessibleViewController.swift; sourceTree = "<group>"; };
		AD4A923C26A2EAD20077A8AC /* ButtonAccessibleViewController.swift */ = {isa = PBXFileReference; lastKnownFileType = sourcecode.swift; path = ButtonAccessibleViewController.swift; sourceTree = "<group>"; };
		AD4A923F26A2ECC50077A8AC /* TapNotAccessibleViewController.swift */ = {isa = PBXFileReference; lastKnownFileType = sourcecode.swift; path = TapNotAccessibleViewController.swift; sourceTree = "<group>"; };
		AD4A924126A2F2A00077A8AC /* TapAccessibleViewController.swift */ = {isa = PBXFileReference; lastKnownFileType = sourcecode.swift; path = TapAccessibleViewController.swift; sourceTree = "<group>"; };
		AD82EC9826B5440900B67F8C /* ColorsViewController.swift */ = {isa = PBXFileReference; lastKnownFileType = sourcecode.swift; path = ColorsViewController.swift; sourceTree = "<group>"; };
		AD82EC9D26B54B6200B67F8C /* SnapshotTest.swift */ = {isa = PBXFileReference; lastKnownFileType = sourcecode.swift; path = SnapshotTest.swift; sourceTree = "<group>"; };
		AD82EC9F26B54BEC00B67F8C /* SnapshotConstants.swift */ = {isa = PBXFileReference; lastKnownFileType = sourcecode.swift; path = SnapshotConstants.swift; sourceTree = "<group>"; };
		ADB8D93026A9937D00C2115D /* RootItem.swift */ = {isa = PBXFileReference; lastKnownFileType = sourcecode.swift; path = RootItem.swift; sourceTree = "<group>"; };
/* End PBXFileReference section */

/* Begin PBXFrameworksBuildPhase section */
		AD4A91F026A2D36A0077A8AC /* Frameworks */ = {
			isa = PBXFrameworksBuildPhase;
			buildActionMask = 2147483647;
			files = (
				AD2BC17626A3D2EF0016F37F /* FloatingPanel in Frameworks */,
			);
			runOnlyForDeploymentPostprocessing = 0;
		};
		AD4A920626A2D36B0077A8AC /* Frameworks */ = {
			isa = PBXFrameworksBuildPhase;
			buildActionMask = 2147483647;
			files = (
				AD82EC9C26B54B4500B67F8C /* SnapshotTesting in Frameworks */,
			);
			runOnlyForDeploymentPostprocessing = 0;
		};
		AD4A921126A2D36B0077A8AC /* Frameworks */ = {
			isa = PBXFrameworksBuildPhase;
			buildActionMask = 2147483647;
			files = (
			);
			runOnlyForDeploymentPostprocessing = 0;
		};
/* End PBXFrameworksBuildPhase section */

/* Begin PBXGroup section */
		AD078DB626A9107F00A388C5 /* Switch */ = {
			isa = PBXGroup;
			children = (
				AD078DB926A9118F00A388C5 /* Views */,
				AD078DB726A9109500A388C5 /* SwitchNotAccessibleViewController.swift */,
				AD078DBC26A9153300A388C5 /* SwitchAccessibleViewController.swift */,
			);
			path = Switch;
			sourceTree = "<group>";
		};
		AD078DB926A9118F00A388C5 /* Views */ = {
			isa = PBXGroup;
			children = (
				AD078DBA26A911A400A388C5 /* SwitchNotAccessibleViewCell.swift */,
				AD078DBE26A9155300A388C5 /* SwitchAccessibleViewCell.swift */,
			);
			path = Views;
			sourceTree = "<group>";
		};
		AD078DC026A91B6300A388C5 /* Heading */ = {
			isa = PBXGroup;
			children = (
				AD078DC126A91C6000A388C5 /* HeadlineNotAccessibleViewController.swift */,
				AD078DC326A9200D00A388C5 /* HeadlineAccessibleViewController.swift */,
			);
			path = Heading;
			sourceTree = "<group>";
		};
		AD14EF1626AA5BE7009A835F /* Tag */ = {
			isa = PBXGroup;
			children = (
				AD14EF1726AA5C1A009A835F /* TagNotAccessibleViewController.swift */,
				AD14EF1B26AA8170009A835F /* TagValidator.swift */,
				AD14EF2126AA8ABA009A835F /* TagAccessibleViewController.swift */,
				AD14EF2326AA9CC4009A835F /* TagViewModel.swift */,
				AD14EF2526AA9E12009A835F /* Tag.swift */,
			);
			path = Tag;
			sourceTree = "<group>";
		};
		AD2BC17126A3D0730016F37F /* Modal */ = {
			isa = PBXGroup;
			children = (
				AD2BC17226A3D0BD0016F37F /* ModalNotAccessibleViewController.swift */,
				AD2BC18026A3D8D30016F37F /* ModalAccessibleViewController.swift */,
			);
			path = Modal;
			sourceTree = "<group>";
		};
		AD2BC17D26A3D7810016F37F /* FloatingPanel */ = {
			isa = PBXGroup;
			children = (
				AD2BC17E26A3D7980016F37F /* CustomLayout.swift */,
			);
			path = FloatingPanel;
			sourceTree = "<group>";
		};
		AD2BC18226A3E0EA0016F37F /* Focus */ = {
			isa = PBXGroup;
			children = (
				AD2BC18326A3E10D0016F37F /* FocusNotAccessibleViewController.swift */,
				AD2BC18526A3E4EF0016F37F /* FocusAccessibleViewController.swift */,
			);
			path = Focus;
			sourceTree = "<group>";
		};
		AD2BC18726A3E5CC0016F37F /* Extension */ = {
			isa = PBXGroup;
			children = (
				AD2BC18826A3E60C0016F37F /* UIViewController+.swift */,
				AD14EF1926AA633A009A835F /* Notification+Keyboard.swift */,
			);
			path = Extension;
			sourceTree = "<group>";
		};
		AD2BC18A26A3EF860016F37F /* Date */ = {
			isa = PBXGroup;
			children = (
				AD2BC18B26A3EF920016F37F /* DateNotAccessibleViewController.swift */,
				AD2BC18F26A3F2E70016F37F /* DateAccessibleViewController.swift */,
				AD2BC18D26A3F2B60016F37F /* NowRepresentable.swift */,
			);
			path = Date;
			sourceTree = "<group>";
		};
		AD4A91EA26A2D36A0077A8AC = {
			isa = PBXGroup;
			children = (
				AD4A91F526A2D36A0077A8AC /* AccessibilitySampler */,
				AD4A920C26A2D36B0077A8AC /* AccessibilitySamplerTests */,
				AD4A921726A2D36B0077A8AC /* AccessibilitySamplerUITests */,
				AD4A91F426A2D36A0077A8AC /* Products */,
			);
			sourceTree = "<group>";
		};
		AD4A91F426A2D36A0077A8AC /* Products */ = {
			isa = PBXGroup;
			children = (
				AD4A91F326A2D36A0077A8AC /* AccessibilitySampler.app */,
				AD4A920926A2D36B0077A8AC /* AccessibilitySamplerTests.xctest */,
				AD4A921426A2D36B0077A8AC /* AccessibilitySamplerUITests.xctest */,
			);
			name = Products;
			sourceTree = "<group>";
		};
		AD4A91F526A2D36A0077A8AC /* AccessibilitySampler */ = {
			isa = PBXGroup;
			children = (
				AD2BC18726A3E5CC0016F37F /* Extension */,
				AD2BC17D26A3D7810016F37F /* FloatingPanel */,
				AD4A923426A2DF2D0077A8AC /* ViewControllers */,
				AD4A922A26A2DB860077A8AC /* Resources */,
				AD4A91F626A2D36A0077A8AC /* AppDelegate.swift */,
				AD4A91F826A2D36A0077A8AC /* SceneDelegate.swift */,
				AD4A91FF26A2D36B0077A8AC /* Assets.xcassets */,
				AD4A920126A2D36B0077A8AC /* LaunchScreen.storyboard */,
				AD4A920426A2D36B0077A8AC /* Info.plist */,
			);
			path = AccessibilitySampler;
			sourceTree = "<group>";
		};
		AD4A920C26A2D36B0077A8AC /* AccessibilitySamplerTests */ = {
			isa = PBXGroup;
			children = (
				AD4A920F26A2D36B0077A8AC /* Info.plist */,
				AD14EF1D26AA83EC009A835F /* TagValidatorTest.swift */,
				AD14EF1F26AA841D009A835F /* Pattern.swift */,
				AD82EC9D26B54B6200B67F8C /* SnapshotTest.swift */,
				AD82EC9F26B54BEC00B67F8C /* SnapshotConstants.swift */,
			);
			path = AccessibilitySamplerTests;
			sourceTree = "<group>";
		};
		AD4A921726A2D36B0077A8AC /* AccessibilitySamplerUITests */ = {
			isa = PBXGroup;
			children = (
				AD4A921826A2D36B0077A8AC /* AccessibilitySamplerUITests.swift */,
				AD4A921A26A2D36B0077A8AC /* Info.plist */,
			);
			path = AccessibilitySamplerUITests;
			sourceTree = "<group>";
		};
		AD4A922A26A2DB860077A8AC /* Resources */ = {
			isa = PBXGroup;
			children = (
				AD4A923126A2DC420077A8AC /* Strings.swift */,
				AD4A922F26A2DBBA0077A8AC /* Localizable.strings */,
			);
			path = Resources;
			sourceTree = "<group>";
		};
		AD4A923426A2DF2D0077A8AC /* ViewControllers */ = {
			isa = PBXGroup;
			children = (
				AD82EC9726B543FB00B67F8C /* Colors */,
				AD14EF1626AA5BE7009A835F /* Tag */,
				AD078DC026A91B6300A388C5 /* Heading */,
				AD078DB626A9107F00A388C5 /* Switch */,
				AD2BC18A26A3EF860016F37F /* Date */,
				AD2BC18226A3E0EA0016F37F /* Focus */,
				AD2BC17126A3D0730016F37F /* Modal */,
				AD4A923926A2E6A10077A8AC /* Button */,
				AD4A923E26A2ECAC0077A8AC /* Tap */,
				AD4A923526A2DF370077A8AC /* Root */,
			);
			path = ViewControllers;
			sourceTree = "<group>";
		};
		AD4A923526A2DF370077A8AC /* Root */ = {
			isa = PBXGroup;
			children = (
				AD4A91FA26A2D36A0077A8AC /* ViewController.swift */,
				ADB8D93026A9937D00C2115D /* RootItem.swift */,
			);
			path = Root;
			sourceTree = "<group>";
		};
		AD4A923926A2E6A10077A8AC /* Button */ = {
			isa = PBXGroup;
			children = (
				AD4A923A26A2E6AE0077A8AC /* ButtonNotAccessibleViewController.swift */,
				AD4A923C26A2EAD20077A8AC /* ButtonAccessibleViewController.swift */,
			);
			path = Button;
			sourceTree = "<group>";
		};
		AD4A923E26A2ECAC0077A8AC /* Tap */ = {
			isa = PBXGroup;
			children = (
				AD4A923F26A2ECC50077A8AC /* TapNotAccessibleViewController.swift */,
				AD4A924126A2F2A00077A8AC /* TapAccessibleViewController.swift */,
			);
			path = Tap;
			sourceTree = "<group>";
		};
		AD82EC9726B543FB00B67F8C /* Colors */ = {
			isa = PBXGroup;
			children = (
				AD82EC9826B5440900B67F8C /* ColorsViewController.swift */,
			);
			path = Colors;
			sourceTree = "<group>";
		};
/* End PBXGroup section */

/* Begin PBXNativeTarget section */
		AD4A91F226A2D36A0077A8AC /* AccessibilitySampler */ = {
			isa = PBXNativeTarget;
			buildConfigurationList = AD4A921D26A2D36B0077A8AC /* Build configuration list for PBXNativeTarget "AccessibilitySampler" */;
			buildPhases = (
				AD4A923326A2DC7A0077A8AC /* SwiftGen */,
				AD4A922926A2DA080077A8AC /* swift-format */,
				AD4A91EF26A2D36A0077A8AC /* Sources */,
				AD4A91F026A2D36A0077A8AC /* Frameworks */,
				AD4A91F126A2D36A0077A8AC /* Resources */,
			);
			buildRules = (
			);
			dependencies = (
			);
			name = AccessibilitySampler;
			packageProductDependencies = (
				AD2BC17526A3D2EF0016F37F /* FloatingPanel */,
			);
			productName = AccessibilitySampler;
			productReference = AD4A91F326A2D36A0077A8AC /* AccessibilitySampler.app */;
			productType = "com.apple.product-type.application";
		};
		AD4A920826A2D36B0077A8AC /* AccessibilitySamplerTests */ = {
			isa = PBXNativeTarget;
			buildConfigurationList = AD4A922026A2D36B0077A8AC /* Build configuration list for PBXNativeTarget "AccessibilitySamplerTests" */;
			buildPhases = (
				AD4A920526A2D36B0077A8AC /* Sources */,
				AD4A920626A2D36B0077A8AC /* Frameworks */,
				AD4A920726A2D36B0077A8AC /* Resources */,
			);
			buildRules = (
			);
			dependencies = (
				AD4A920B26A2D36B0077A8AC /* PBXTargetDependency */,
			);
			name = AccessibilitySamplerTests;
			packageProductDependencies = (
				AD82EC9B26B54B4500B67F8C /* SnapshotTesting */,
			);
			productName = AccessibilitySamplerTests;
			productReference = AD4A920926A2D36B0077A8AC /* AccessibilitySamplerTests.xctest */;
			productType = "com.apple.product-type.bundle.unit-test";
		};
		AD4A921326A2D36B0077A8AC /* AccessibilitySamplerUITests */ = {
			isa = PBXNativeTarget;
			buildConfigurationList = AD4A922326A2D36B0077A8AC /* Build configuration list for PBXNativeTarget "AccessibilitySamplerUITests" */;
			buildPhases = (
				AD4A921026A2D36B0077A8AC /* Sources */,
				AD4A921126A2D36B0077A8AC /* Frameworks */,
				AD4A921226A2D36B0077A8AC /* Resources */,
			);
			buildRules = (
			);
			dependencies = (
				AD4A921626A2D36B0077A8AC /* PBXTargetDependency */,
			);
			name = AccessibilitySamplerUITests;
			productName = AccessibilitySamplerUITests;
			productReference = AD4A921426A2D36B0077A8AC /* AccessibilitySamplerUITests.xctest */;
			productType = "com.apple.product-type.bundle.ui-testing";
		};
/* End PBXNativeTarget section */

/* Begin PBXProject section */
		AD4A91EB26A2D36A0077A8AC /* Project object */ = {
			isa = PBXProject;
			attributes = {
				LastSwiftUpdateCheck = 1250;
				LastUpgradeCheck = 1250;
				TargetAttributes = {
					AD4A91F226A2D36A0077A8AC = {
						CreatedOnToolsVersion = 12.5.1;
					};
					AD4A920826A2D36B0077A8AC = {
						CreatedOnToolsVersion = 12.5.1;
						TestTargetID = AD4A91F226A2D36A0077A8AC;
					};
					AD4A921326A2D36B0077A8AC = {
						CreatedOnToolsVersion = 12.5.1;
						TestTargetID = AD4A91F226A2D36A0077A8AC;
					};
				};
			};
			buildConfigurationList = AD4A91EE26A2D36A0077A8AC /* Build configuration list for PBXProject "AccessibilitySampler" */;
			compatibilityVersion = "Xcode 9.3";
			developmentRegion = en;
			hasScannedForEncodings = 0;
			knownRegions = (
				en,
				Base,
				ja,
			);
			mainGroup = AD4A91EA26A2D36A0077A8AC;
			packageReferences = (
				AD2BC17426A3D2EE0016F37F /* XCRemoteSwiftPackageReference "FloatingPanel" */,
				AD82EC9A26B54B4500B67F8C /* XCRemoteSwiftPackageReference "swift-snapshot-testing" */,
			);
			productRefGroup = AD4A91F426A2D36A0077A8AC /* Products */;
			projectDirPath = "";
			projectRoot = "";
			targets = (
				AD4A91F226A2D36A0077A8AC /* AccessibilitySampler */,
				AD4A920826A2D36B0077A8AC /* AccessibilitySamplerTests */,
				AD4A921326A2D36B0077A8AC /* AccessibilitySamplerUITests */,
			);
		};
/* End PBXProject section */

/* Begin PBXResourcesBuildPhase section */
		AD4A91F126A2D36A0077A8AC /* Resources */ = {
			isa = PBXResourcesBuildPhase;
			buildActionMask = 2147483647;
			files = (
				AD4A920326A2D36B0077A8AC /* LaunchScreen.storyboard in Resources */,
				AD4A922D26A2DBBA0077A8AC /* Localizable.strings in Resources */,
				AD4A920026A2D36B0077A8AC /* Assets.xcassets in Resources */,
			);
			runOnlyForDeploymentPostprocessing = 0;
		};
		AD4A920726A2D36B0077A8AC /* Resources */ = {
			isa = PBXResourcesBuildPhase;
			buildActionMask = 2147483647;
			files = (
			);
			runOnlyForDeploymentPostprocessing = 0;
		};
		AD4A921226A2D36B0077A8AC /* Resources */ = {
			isa = PBXResourcesBuildPhase;
			buildActionMask = 2147483647;
			files = (
			);
			runOnlyForDeploymentPostprocessing = 0;
		};
/* End PBXResourcesBuildPhase section */

/* Begin PBXShellScriptBuildPhase section */
		AD4A922926A2DA080077A8AC /* swift-format */ = {
			isa = PBXShellScriptBuildPhase;
			buildActionMask = 2147483647;
			files = (
			);
			inputFileListPaths = (
			);
			inputPaths = (
			);
			name = "swift-format";
			outputFileListPaths = (
			);
			outputPaths = (
			);
			runOnlyForDeploymentPostprocessing = 0;
			shellPath = /bin/sh;
			shellScript = "if command -v mint &>/dev/null; then\n  xcrun --sdk macosx mint run swift-format -r ${SRCROOT}/AccessibilitySampler -i --configuration ${SRCROOT}/.swift-format\nfi\n";
		};
		AD4A923326A2DC7A0077A8AC /* SwiftGen */ = {
			isa = PBXShellScriptBuildPhase;
			buildActionMask = 2147483647;
			files = (
			);
			inputFileListPaths = (
			);
			inputPaths = (
			);
			name = SwiftGen;
			outputFileListPaths = (
			);
			outputPaths = (
			);
			runOnlyForDeploymentPostprocessing = 0;
			shellPath = /bin/sh;
			shellScript = "if command -v mint &>/dev/null; then\n  xcrun --sdk macosx mint run SwiftGen\nfi\n";
		};
/* End PBXShellScriptBuildPhase section */

/* Begin PBXSourcesBuildPhase section */
		AD4A91EF26A2D36A0077A8AC /* Sources */ = {
			isa = PBXSourcesBuildPhase;
			buildActionMask = 2147483647;
			files = (
				AD2BC19026A3F2E70016F37F /* DateAccessibleViewController.swift in Sources */,
				AD2BC18926A3E60C0016F37F /* UIViewController+.swift in Sources */,
				AD14EF1826AA5C1A009A835F /* TagNotAccessibleViewController.swift in Sources */,
				AD078DBD26A9153300A388C5 /* SwitchAccessibleViewController.swift in Sources */,
				AD078DBF26A9155300A388C5 /* SwitchAccessibleViewCell.swift in Sources */,
				AD078DC426A9200D00A388C5 /* HeadlineAccessibleViewController.swift in Sources */,
				AD2BC18E26A3F2B60016F37F /* NowRepresentable.swift in Sources */,
				AD078DC226A91C6000A388C5 /* HeadlineNotAccessibleViewController.swift in Sources */,
				AD4A923D26A2EAD20077A8AC /* ButtonAccessibleViewController.swift in Sources */,
				AD82EC9926B5440900B67F8C /* ColorsViewController.swift in Sources */,
				AD4A91FB26A2D36A0077A8AC /* ViewController.swift in Sources */,
				AD4A924226A2F2A00077A8AC /* TapAccessibleViewController.swift in Sources */,
				AD14EF2226AA8ABA009A835F /* TagAccessibleViewController.swift in Sources */,
				AD14EF2626AA9E12009A835F /* Tag.swift in Sources */,
				AD4A924026A2ECC50077A8AC /* TapNotAccessibleViewController.swift in Sources */,
				AD14EF1C26AA8170009A835F /* TagValidator.swift in Sources */,
				AD14EF2426AA9CC4009A835F /* TagViewModel.swift in Sources */,
				AD4A91F726A2D36A0077A8AC /* AppDelegate.swift in Sources */,
				ADB8D93126A9937D00C2115D /* RootItem.swift in Sources */,
				AD4A923226A2DC420077A8AC /* Strings.swift in Sources */,
				AD14EF1A26AA633A009A835F /* Notification+Keyboard.swift in Sources */,
				AD078DBB26A911A400A388C5 /* SwitchNotAccessibleViewCell.swift in Sources */,
				AD2BC17F26A3D7980016F37F /* CustomLayout.swift in Sources */,
				AD2BC18426A3E10D0016F37F /* FocusNotAccessibleViewController.swift in Sources */,
				AD2BC18C26A3EF920016F37F /* DateNotAccessibleViewController.swift in Sources */,
				AD2BC17326A3D0BD0016F37F /* ModalNotAccessibleViewController.swift in Sources */,
				AD4A923B26A2E6AE0077A8AC /* ButtonNotAccessibleViewController.swift in Sources */,
				AD4A91F926A2D36A0077A8AC /* SceneDelegate.swift in Sources */,
				AD2BC18126A3D8D30016F37F /* ModalAccessibleViewController.swift in Sources */,
				AD078DB826A9109500A388C5 /* SwitchNotAccessibleViewController.swift in Sources */,
				AD2BC18626A3E4EF0016F37F /* FocusAccessibleViewController.swift in Sources */,
			);
			runOnlyForDeploymentPostprocessing = 0;
		};
		AD4A920526A2D36B0077A8AC /* Sources */ = {
			isa = PBXSourcesBuildPhase;
			buildActionMask = 2147483647;
			files = (
				AD14EF2026AA841D009A835F /* Pattern.swift in Sources */,
				AD82EC9E26B54B6200B67F8C /* SnapshotTest.swift in Sources */,
				AD14EF1E26AA83EC009A835F /* TagValidatorTest.swift in Sources */,
				AD82ECA026B54BEC00B67F8C /* SnapshotConstants.swift in Sources */,
			);
			runOnlyForDeploymentPostprocessing = 0;
		};
		AD4A921026A2D36B0077A8AC /* Sources */ = {
			isa = PBXSourcesBuildPhase;
			buildActionMask = 2147483647;
			files = (
				AD4A921926A2D36B0077A8AC /* AccessibilitySamplerUITests.swift in Sources */,
			);
			runOnlyForDeploymentPostprocessing = 0;
		};
/* End PBXSourcesBuildPhase section */

/* Begin PBXTargetDependency section */
		AD4A920B26A2D36B0077A8AC /* PBXTargetDependency */ = {
			isa = PBXTargetDependency;
			target = AD4A91F226A2D36A0077A8AC /* AccessibilitySampler */;
			targetProxy = AD4A920A26A2D36B0077A8AC /* PBXContainerItemProxy */;
		};
		AD4A921626A2D36B0077A8AC /* PBXTargetDependency */ = {
			isa = PBXTargetDependency;
			target = AD4A91F226A2D36A0077A8AC /* AccessibilitySampler */;
			targetProxy = AD4A921526A2D36B0077A8AC /* PBXContainerItemProxy */;
		};
/* End PBXTargetDependency section */

/* Begin PBXVariantGroup section */
		AD4A920126A2D36B0077A8AC /* LaunchScreen.storyboard */ = {
			isa = PBXVariantGroup;
			children = (
				AD4A920226A2D36B0077A8AC /* Base */,
			);
			name = LaunchScreen.storyboard;
			sourceTree = "<group>";
		};
		AD4A922F26A2DBBA0077A8AC /* Localizable.strings */ = {
			isa = PBXVariantGroup;
			children = (
				AD4A922E26A2DBBA0077A8AC /* en */,
				AD4A923026A2DBC80077A8AC /* ja */,
			);
			name = Localizable.strings;
			sourceTree = "<group>";
		};
/* End PBXVariantGroup section */

/* Begin XCBuildConfiguration section */
		AD4A921B26A2D36B0077A8AC /* Debug */ = {
			isa = XCBuildConfiguration;
			buildSettings = {
				ALWAYS_SEARCH_USER_PATHS = NO;
				CLANG_ANALYZER_LOCALIZABILITY_NONLOCALIZED = YES;
				CLANG_ANALYZER_NONNULL = YES;
				CLANG_ANALYZER_NUMBER_OBJECT_CONVERSION = YES_AGGRESSIVE;
				CLANG_CXX_LANGUAGE_STANDARD = "gnu++14";
				CLANG_CXX_LIBRARY = "libc++";
				CLANG_ENABLE_MODULES = YES;
				CLANG_ENABLE_OBJC_ARC = YES;
				CLANG_ENABLE_OBJC_WEAK = YES;
				CLANG_WARN_BLOCK_CAPTURE_AUTORELEASING = YES;
				CLANG_WARN_BOOL_CONVERSION = YES;
				CLANG_WARN_COMMA = YES;
				CLANG_WARN_CONSTANT_CONVERSION = YES;
				CLANG_WARN_DEPRECATED_OBJC_IMPLEMENTATIONS = YES;
				CLANG_WARN_DIRECT_OBJC_ISA_USAGE = YES_ERROR;
				CLANG_WARN_DOCUMENTATION_COMMENTS = YES;
				CLANG_WARN_EMPTY_BODY = YES;
				CLANG_WARN_ENUM_CONVERSION = YES;
				CLANG_WARN_INFINITE_RECURSION = YES;
				CLANG_WARN_INT_CONVERSION = YES;
				CLANG_WARN_NON_LITERAL_NULL_CONVERSION = YES;
				CLANG_WARN_OBJC_IMPLICIT_RETAIN_SELF = YES;
				CLANG_WARN_OBJC_LITERAL_CONVERSION = YES;
				CLANG_WARN_OBJC_ROOT_CLASS = YES_ERROR;
				CLANG_WARN_QUOTED_INCLUDE_IN_FRAMEWORK_HEADER = YES;
				CLANG_WARN_RANGE_LOOP_ANALYSIS = YES;
				CLANG_WARN_STRICT_PROTOTYPES = YES;
				CLANG_WARN_SUSPICIOUS_MOVE = YES;
				CLANG_WARN_UNGUARDED_AVAILABILITY = YES_AGGRESSIVE;
				CLANG_WARN_UNREACHABLE_CODE = YES;
				CLANG_WARN__DUPLICATE_METHOD_MATCH = YES;
				COPY_PHASE_STRIP = NO;
				DEBUG_INFORMATION_FORMAT = dwarf;
				ENABLE_STRICT_OBJC_MSGSEND = YES;
				ENABLE_TESTABILITY = YES;
				GCC_C_LANGUAGE_STANDARD = gnu11;
				GCC_DYNAMIC_NO_PIC = NO;
				GCC_NO_COMMON_BLOCKS = YES;
				GCC_OPTIMIZATION_LEVEL = 0;
				GCC_PREPROCESSOR_DEFINITIONS = (
					"DEBUG=1",
					"$(inherited)",
				);
				GCC_WARN_64_TO_32_BIT_CONVERSION = YES;
				GCC_WARN_ABOUT_RETURN_TYPE = YES_ERROR;
				GCC_WARN_UNDECLARED_SELECTOR = YES;
				GCC_WARN_UNINITIALIZED_AUTOS = YES_AGGRESSIVE;
				GCC_WARN_UNUSED_FUNCTION = YES;
				GCC_WARN_UNUSED_VARIABLE = YES;
				IPHONEOS_DEPLOYMENT_TARGET = 13.0;
				MTL_ENABLE_DEBUG_INFO = INCLUDE_SOURCE;
				MTL_FAST_MATH = YES;
				ONLY_ACTIVE_ARCH = YES;
				SDKROOT = iphoneos;
				SWIFT_ACTIVE_COMPILATION_CONDITIONS = DEBUG;
				SWIFT_OPTIMIZATION_LEVEL = "-Onone";
			};
			name = Debug;
		};
		AD4A921C26A2D36B0077A8AC /* Release */ = {
			isa = XCBuildConfiguration;
			buildSettings = {
				ALWAYS_SEARCH_USER_PATHS = NO;
				CLANG_ANALYZER_LOCALIZABILITY_NONLOCALIZED = YES;
				CLANG_ANALYZER_NONNULL = YES;
				CLANG_ANALYZER_NUMBER_OBJECT_CONVERSION = YES_AGGRESSIVE;
				CLANG_CXX_LANGUAGE_STANDARD = "gnu++14";
				CLANG_CXX_LIBRARY = "libc++";
				CLANG_ENABLE_MODULES = YES;
				CLANG_ENABLE_OBJC_ARC = YES;
				CLANG_ENABLE_OBJC_WEAK = YES;
				CLANG_WARN_BLOCK_CAPTURE_AUTORELEASING = YES;
				CLANG_WARN_BOOL_CONVERSION = YES;
				CLANG_WARN_COMMA = YES;
				CLANG_WARN_CONSTANT_CONVERSION = YES;
				CLANG_WARN_DEPRECATED_OBJC_IMPLEMENTATIONS = YES;
				CLANG_WARN_DIRECT_OBJC_ISA_USAGE = YES_ERROR;
				CLANG_WARN_DOCUMENTATION_COMMENTS = YES;
				CLANG_WARN_EMPTY_BODY = YES;
				CLANG_WARN_ENUM_CONVERSION = YES;
				CLANG_WARN_INFINITE_RECURSION = YES;
				CLANG_WARN_INT_CONVERSION = YES;
				CLANG_WARN_NON_LITERAL_NULL_CONVERSION = YES;
				CLANG_WARN_OBJC_IMPLICIT_RETAIN_SELF = YES;
				CLANG_WARN_OBJC_LITERAL_CONVERSION = YES;
				CLANG_WARN_OBJC_ROOT_CLASS = YES_ERROR;
				CLANG_WARN_QUOTED_INCLUDE_IN_FRAMEWORK_HEADER = YES;
				CLANG_WARN_RANGE_LOOP_ANALYSIS = YES;
				CLANG_WARN_STRICT_PROTOTYPES = YES;
				CLANG_WARN_SUSPICIOUS_MOVE = YES;
				CLANG_WARN_UNGUARDED_AVAILABILITY = YES_AGGRESSIVE;
				CLANG_WARN_UNREACHABLE_CODE = YES;
				CLANG_WARN__DUPLICATE_METHOD_MATCH = YES;
				COPY_PHASE_STRIP = NO;
				DEBUG_INFORMATION_FORMAT = "dwarf-with-dsym";
				ENABLE_NS_ASSERTIONS = NO;
				ENABLE_STRICT_OBJC_MSGSEND = YES;
				GCC_C_LANGUAGE_STANDARD = gnu11;
				GCC_NO_COMMON_BLOCKS = YES;
				GCC_WARN_64_TO_32_BIT_CONVERSION = YES;
				GCC_WARN_ABOUT_RETURN_TYPE = YES_ERROR;
				GCC_WARN_UNDECLARED_SELECTOR = YES;
				GCC_WARN_UNINITIALIZED_AUTOS = YES_AGGRESSIVE;
				GCC_WARN_UNUSED_FUNCTION = YES;
				GCC_WARN_UNUSED_VARIABLE = YES;
				IPHONEOS_DEPLOYMENT_TARGET = 13.0;
				MTL_ENABLE_DEBUG_INFO = NO;
				MTL_FAST_MATH = YES;
				SDKROOT = iphoneos;
				SWIFT_COMPILATION_MODE = wholemodule;
				SWIFT_OPTIMIZATION_LEVEL = "-O";
				VALIDATE_PRODUCT = YES;
			};
			name = Release;
		};
		AD4A921E26A2D36B0077A8AC /* Debug */ = {
			isa = XCBuildConfiguration;
			buildSettings = {
				ASSETCATALOG_COMPILER_APPICON_NAME = AppIcon;
				ASSETCATALOG_COMPILER_GLOBAL_ACCENT_COLOR_NAME = AccentColor;
				CODE_SIGN_STYLE = Automatic;
				DEVELOPMENT_TEAM = K84E4S7G4C;
				INFOPLIST_FILE = AccessibilitySampler/Info.plist;
				LD_RUNPATH_SEARCH_PATHS = (
					"$(inherited)",
					"@executable_path/Frameworks",
				);
				PRODUCT_BUNDLE_IDENTIFIER = me.fromkk.AccessibilitySampler;
				PRODUCT_NAME = "$(TARGET_NAME)";
				SWIFT_VERSION = 5.0;
				TARGETED_DEVICE_FAMILY = "1,2";
			};
			name = Debug;
		};
		AD4A921F26A2D36B0077A8AC /* Release */ = {
			isa = XCBuildConfiguration;
			buildSettings = {
				ASSETCATALOG_COMPILER_APPICON_NAME = AppIcon;
				ASSETCATALOG_COMPILER_GLOBAL_ACCENT_COLOR_NAME = AccentColor;
				CODE_SIGN_STYLE = Automatic;
				DEVELOPMENT_TEAM = K84E4S7G4C;
				INFOPLIST_FILE = AccessibilitySampler/Info.plist;
				LD_RUNPATH_SEARCH_PATHS = (
					"$(inherited)",
					"@executable_path/Frameworks",
				);
				PRODUCT_BUNDLE_IDENTIFIER = me.fromkk.AccessibilitySampler;
				PRODUCT_NAME = "$(TARGET_NAME)";
				SWIFT_VERSION = 5.0;
				TARGETED_DEVICE_FAMILY = "1,2";
			};
			name = Release;
		};
		AD4A922126A2D36B0077A8AC /* Debug */ = {
			isa = XCBuildConfiguration;
			buildSettings = {
				ALWAYS_EMBED_SWIFT_STANDARD_LIBRARIES = YES;
				BUNDLE_LOADER = "$(TEST_HOST)";
				CODE_SIGN_STYLE = Automatic;
				DEVELOPMENT_TEAM = K84E4S7G4C;
				INFOPLIST_FILE = AccessibilitySamplerTests/Info.plist;
				IPHONEOS_DEPLOYMENT_TARGET = 13.0;
				LD_RUNPATH_SEARCH_PATHS = (
					"$(inherited)",
					"@executable_path/Frameworks",
					"@loader_path/Frameworks",
				);
				PRODUCT_BUNDLE_IDENTIFIER = me.fromkk.AccessibilitySamplerTests;
				PRODUCT_NAME = "$(TARGET_NAME)";
				SWIFT_VERSION = 5.0;
				TARGETED_DEVICE_FAMILY = "1,2";
				TEST_HOST = "$(BUILT_PRODUCTS_DIR)/AccessibilitySampler.app/AccessibilitySampler";
			};
			name = Debug;
		};
		AD4A922226A2D36B0077A8AC /* Release */ = {
			isa = XCBuildConfiguration;
			buildSettings = {
				ALWAYS_EMBED_SWIFT_STANDARD_LIBRARIES = YES;
				BUNDLE_LOADER = "$(TEST_HOST)";
				CODE_SIGN_STYLE = Automatic;
				DEVELOPMENT_TEAM = K84E4S7G4C;
				INFOPLIST_FILE = AccessibilitySamplerTests/Info.plist;
				IPHONEOS_DEPLOYMENT_TARGET = 13.0;
				LD_RUNPATH_SEARCH_PATHS = (
					"$(inherited)",
					"@executable_path/Frameworks",
					"@loader_path/Frameworks",
				);
				PRODUCT_BUNDLE_IDENTIFIER = me.fromkk.AccessibilitySamplerTests;
				PRODUCT_NAME = "$(TARGET_NAME)";
				SWIFT_VERSION = 5.0;
				TARGETED_DEVICE_FAMILY = "1,2";
				TEST_HOST = "$(BUILT_PRODUCTS_DIR)/AccessibilitySampler.app/AccessibilitySampler";
			};
			name = Release;
		};
		AD4A922426A2D36B0077A8AC /* Debug */ = {
			isa = XCBuildConfiguration;
			buildSettings = {
				ALWAYS_EMBED_SWIFT_STANDARD_LIBRARIES = YES;
				CODE_SIGN_STYLE = Automatic;
				DEVELOPMENT_TEAM = K84E4S7G4C;
				INFOPLIST_FILE = AccessibilitySamplerUITests/Info.plist;
				LD_RUNPATH_SEARCH_PATHS = (
					"$(inherited)",
					"@executable_path/Frameworks",
					"@loader_path/Frameworks",
				);
				PRODUCT_BUNDLE_IDENTIFIER = me.fromkk.AccessibilitySamplerUITests;
				PRODUCT_NAME = "$(TARGET_NAME)";
				SWIFT_VERSION = 5.0;
				TARGETED_DEVICE_FAMILY = "1,2";
				TEST_TARGET_NAME = AccessibilitySampler;
			};
			name = Debug;
		};
		AD4A922526A2D36B0077A8AC /* Release */ = {
			isa = XCBuildConfiguration;
			buildSettings = {
				ALWAYS_EMBED_SWIFT_STANDARD_LIBRARIES = YES;
				CODE_SIGN_STYLE = Automatic;
				DEVELOPMENT_TEAM = K84E4S7G4C;
				INFOPLIST_FILE = AccessibilitySamplerUITests/Info.plist;
				LD_RUNPATH_SEARCH_PATHS = (
					"$(inherited)",
					"@executable_path/Frameworks",
					"@loader_path/Frameworks",
				);
				PRODUCT_BUNDLE_IDENTIFIER = me.fromkk.AccessibilitySamplerUITests;
				PRODUCT_NAME = "$(TARGET_NAME)";
				SWIFT_VERSION = 5.0;
				TARGETED_DEVICE_FAMILY = "1,2";
				TEST_TARGET_NAME = AccessibilitySampler;
			};
			name = Release;
		};
/* End XCBuildConfiguration section */

/* Begin XCConfigurationList section */
		AD4A91EE26A2D36A0077A8AC /* Build configuration list for PBXProject "AccessibilitySampler" */ = {
			isa = XCConfigurationList;
			buildConfigurations = (
				AD4A921B26A2D36B0077A8AC /* Debug */,
				AD4A921C26A2D36B0077A8AC /* Release */,
			);
			defaultConfigurationIsVisible = 0;
			defaultConfigurationName = Release;
		};
		AD4A921D26A2D36B0077A8AC /* Build configuration list for PBXNativeTarget "AccessibilitySampler" */ = {
			isa = XCConfigurationList;
			buildConfigurations = (
				AD4A921E26A2D36B0077A8AC /* Debug */,
				AD4A921F26A2D36B0077A8AC /* Release */,
			);
			defaultConfigurationIsVisible = 0;
			defaultConfigurationName = Release;
		};
		AD4A922026A2D36B0077A8AC /* Build configuration list for PBXNativeTarget "AccessibilitySamplerTests" */ = {
			isa = XCConfigurationList;
			buildConfigurations = (
				AD4A922126A2D36B0077A8AC /* Debug */,
				AD4A922226A2D36B0077A8AC /* Release */,
			);
			defaultConfigurationIsVisible = 0;
			defaultConfigurationName = Release;
		};
		AD4A922326A2D36B0077A8AC /* Build configuration list for PBXNativeTarget "AccessibilitySamplerUITests" */ = {
			isa = XCConfigurationList;
			buildConfigurations = (
				AD4A922426A2D36B0077A8AC /* Debug */,
				AD4A922526A2D36B0077A8AC /* Release */,
			);
			defaultConfigurationIsVisible = 0;
			defaultConfigurationName = Release;
		};
/* End XCConfigurationList section */

/* Begin XCRemoteSwiftPackageReference section */
		AD2BC17426A3D2EE0016F37F /* XCRemoteSwiftPackageReference "FloatingPanel" */ = {
			isa = XCRemoteSwiftPackageReference;
			repositoryURL = "https://github.com/scenee/FloatingPanel.git";
			requirement = {
				kind = upToNextMajorVersion;
				minimumVersion = 2.4.0;
			};
		};
		AD82EC9A26B54B4500B67F8C /* XCRemoteSwiftPackageReference "swift-snapshot-testing" */ = {
			isa = XCRemoteSwiftPackageReference;
			repositoryURL = "https://github.com/pointfreeco/swift-snapshot-testing";
			requirement = {
				kind = upToNextMajorVersion;
				minimumVersion = 1.9.0;
			};
		};
/* End XCRemoteSwiftPackageReference section */

/* Begin XCSwiftPackageProductDependency section */
		AD2BC17526A3D2EF0016F37F /* FloatingPanel */ = {
			isa = XCSwiftPackageProductDependency;
			package = AD2BC17426A3D2EE0016F37F /* XCRemoteSwiftPackageReference "FloatingPanel" */;
			productName = FloatingPanel;
		};
		AD82EC9B26B54B4500B67F8C /* SnapshotTesting */ = {
			isa = XCSwiftPackageProductDependency;
			package = AD82EC9A26B54B4500B67F8C /* XCRemoteSwiftPackageReference "swift-snapshot-testing" */;
			productName = SnapshotTesting;
		};
/* End XCSwiftPackageProductDependency section */
	};
	rootObject = AD4A91EB26A2D36A0077A8AC /* Project object */;
}
